
Microsoft Visual Studio Solution File, Format Version 12.00
# Visual Studio 15
VisualStudioVersion = 15.0.27130.2027
MinimumVisualStudioVersion = 10.0.40219.1
Project("{9A19103F-16F7-4668-BE54-9A1E7A4F7556}") = "ServiceFabric.ConnectionStrings", "ServiceFabric.ConnectionStrings\ServiceFabric.ConnectionStrings.csproj", "{72957389-0C17-48DD-B69C-0942764D72F1}"
EndProject
Project("{2150E333-8FDC-42A3-9474-1A3956D46DE8}") = "Solution Items", "Solution Items", "{C803EBEF-31E7-4127-A0FD-2A2301A7BD51}"
	ProjectSection(SolutionItems) = preProject
		appveyor.yml = appveyor.yml
		LICENSE = LICENSE
		README.md = README.md
	EndProjectSection
EndProject
Project("{9A19103F-16F7-4668-BE54-9A1E7A4F7556}") = "ServiceFabric.ConnectionStrings.UnitTests", "ServiceFabric.ConnectionStrings.UnitTests\ServiceFabric.ConnectionStrings.UnitTests.csproj", "{F0E18B41-356B-4F88-9A26-8F48AB95E7DF}"
EndProject
Project("{FAE04EC0-301F-11D3-BF4B-00C04F79EFBC}") = "ServiceFabric.ConnectionStrings.PowerShell", "ServiceFabric.ConnectionStrings.PowerShell\ServiceFabric.ConnectionStrings.PowerShell.csproj", "{6A5EB9DA-37D2-43B7-91F0-74D38158033F}"
EndProject
Global
	GlobalSection(SolutionConfigurationPlatforms) = preSolution
		Debug|Any CPU = Debug|Any CPU
		Release|Any CPU = Release|Any CPU
	EndGlobalSection
	GlobalSection(ProjectConfigurationPlatforms) = postSolution
		{72957389-0C17-48DD-B69C-0942764D72F1}.Debug|Any CPU.ActiveCfg = Debug|Any CPU
		{72957389-0C17-48DD-B69C-0942764D72F1}.Debug|Any CPU.Build.0 = Debug|Any CPU
		{72957389-0C17-48DD-B69C-0942764D72F1}.Release|Any CPU.ActiveCfg = Release|Any CPU
		{72957389-0C17-48DD-B69C-0942764D72F1}.Release|Any CPU.Build.0 = Release|Any CPU
		{F0E18B41-356B-4F88-9A26-8F48AB95E7DF}.Debug|Any CPU.ActiveCfg = Debug|Any CPU
		{F0E18B41-356B-4F88-9A26-8F48AB95E7DF}.Debug|Any CPU.Build.0 = Debug|Any CPU
		{F0E18B41-356B-4F88-9A26-8F48AB95E7DF}.Release|Any CPU.ActiveCfg = Release|Any CPU
		{F0E18B41-356B-4F88-9A26-8F48AB95E7DF}.Release|Any CPU.Build.0 = Release|Any CPU
		{6A5EB9DA-37D2-43B7-91F0-74D38158033F}.Debug|Any CPU.ActiveCfg = Debug|Any CPU
		{6A5EB9DA-37D2-43B7-91F0-74D38158033F}.Debug|Any CPU.Build.0 = Debug|Any CPU
		{6A5EB9DA-37D2-43B7-91F0-74D38158033F}.Release|Any CPU.ActiveCfg = Release|Any CPU
		{6A5EB9DA-37D2-43B7-91F0-74D38158033F}.Release|Any CPU.Build.0 = Release|Any CPU
	EndGlobalSection
	GlobalSection(SolutionProperties) = preSolution
		HideSolutionNode = FALSE
	EndGlobalSection
	GlobalSection(ExtensibilityGlobals) = postSolution
		SolutionGuid = {0E51A74C-2FA9-4ECA-BE71-42455DF2F15A}
	EndGlobalSection
EndGlobal
